
Microsoft Visual Studio Solution File, Format Version 12.00
# Visual Studio Version 17
VisualStudioVersion = 17.8.34004.107
MinimumVisualStudioVersion = 10.0.40219.1
Project("{FAE04EC0-301F-11D3-BF4B-00C04F79EFBC}") = "Windows-NewMenu-Editor", "Windows-NewMenu-Editor\Windows-NewMenu-Editor.csproj", "{379EEDA6-07F2-485D-832A-5558642F392E}"
EndProject
Global
	GlobalSection(SolutionConfigurationPlatforms) = preSolution
		Debug|Any CPU = Debug|Any CPU
		Release|Any CPU = Release|Any CPU
	EndGlobalSection
	GlobalSection(ProjectConfigurationPlatforms) = postSolution
		{379EEDA6-07F2-485D-832A-5558642F392E}.Debug|Any CPU.ActiveCfg = Debug|Any CPU
		{379EEDA6-07F2-485D-832A-5558642F392E}.Debug|Any CPU.Build.0 = Debug|Any CPU
		{379EEDA6-07F2-485D-832A-5558642F392E}.Release|Any CPU.ActiveCfg = Release|Any CPU
		{379EEDA6-07F2-485D-832A-5558642F392E}.Release|Any CPU.Build.0 = Release|Any CPU
	EndGlobalSection
	GlobalSection(SolutionProperties) = preSolution
		HideSolutionNode = FALSE
	EndGlobalSection
	GlobalSection(ExtensibilityGlobals) = postSolution
		SolutionGuid = {CDED2B6B-CC5D-4CE2-9974-8A101EF645E5}
	EndGlobalSection
EndGlobal
